// !$*UTF8*$!
{
	archiveVersion = 1;
	classes = {
	};
	objectVersion = 55;
	objects = {

/* Begin PBXBuildFile section */
		33DDD43528860EC800F5CFAD /* Game.swift in Sources */ = {isa = PBXBuildFile; fileRef = 33DDD43428860EC800F5CFAD /* Game.swift */; };
		33DDD47228864EA600F5CFAD /* WelcomeView.swift in Sources */ = {isa = PBXBuildFile; fileRef = 33DDD47128864EA600F5CFAD /* WelcomeView.swift */; };
		33DDD4742886513A00F5CFAD /* GameColor.swift in Sources */ = {isa = PBXBuildFile; fileRef = 33DDD4732886513A00F5CFAD /* GameColor.swift */; };
		33DDD4762886552900F5CFAD /* BottomTextView.swift in Sources */ = {isa = PBXBuildFile; fileRef = 33DDD4752886552900F5CFAD /* BottomTextView.swift */; };
		33E647C62880947A00496B4E /* code_historyApp.swift in Sources */ = {isa = PBXBuildFile; fileRef = 33E647C52880947A00496B4E /* code_historyApp.swift */; };
		33E647C82880947A00496B4E /* GameView.swift in Sources */ = {isa = PBXBuildFile; fileRef = 33E647C72880947A00496B4E /* GameView.swift */; };
		33E647CA2880947A00496B4E /* Assets.xcassets in Resources */ = {isa = PBXBuildFile; fileRef = 33E647C92880947A00496B4E /* Assets.xcassets */; };
		33E647CD2880947A00496B4E /* Preview Assets.xcassets in Resources */ = {isa = PBXBuildFile; fileRef = 33E647CC2880947A00496B4E /* Preview Assets.xcassets */; };
		33E647F22881085000496B4E /* Question.swift in Sources */ = {isa = PBXBuildFile; fileRef = 33E647F12881085000496B4E /* Question.swift */; };
		33E647F4288108DF00496B4E /* ChoiceTextView.swift in Sources */ = {isa = PBXBuildFile; fileRef = 33E647F3288108DF00496B4E /* ChoiceTextView.swift */; };
/* End PBXBuildFile section */

/* Begin PBXFileReference section */
		33DDD43428860EC800F5CFAD /* Game.swift */ = {isa = PBXFileReference; lastKnownFileType = sourcecode.swift; path = Game.swift; sourceTree = "<group>"; };
		33DDD47128864EA600F5CFAD /* WelcomeView.swift */ = {isa = PBXFileReference; lastKnownFileType = sourcecode.swift; path = WelcomeView.swift; sourceTree = "<group>"; };
		33DDD4732886513A00F5CFAD /* GameColor.swift */ = {isa = PBXFileReference; lastKnownFileType = sourcecode.swift; path = GameColor.swift; sourceTree = "<group>"; };
		33DDD4752886552900F5CFAD /* BottomTextView.swift */ = {isa = PBXFileReference; lastKnownFileType = sourcecode.swift; path = BottomTextView.swift; sourceTree = "<group>"; };
		33E647C22880947A00496B4E /* code_history.app */ = {isa = PBXFileReference; explicitFileType = wrapper.application; includeInIndex = 0; path = code_history.app; sourceTree = BUILT_PRODUCTS_DIR; };
		33E647C52880947A00496B4E /* code_historyApp.swift */ = {isa = PBXFileReference; lastKnownFileType = sourcecode.swift; path = code_historyApp.swift; sourceTree = "<group>"; };
		33E647C72880947A00496B4E /* GameView.swift */ = {isa = PBXFileReference; lastKnownFileType = sourcecode.swift; path = GameView.swift; sourceTree = "<group>"; };
		33E647C92880947A00496B4E /* Assets.xcassets */ = {isa = PBXFileReference; lastKnownFileType = folder.assetcatalog; path = Assets.xcassets; sourceTree = "<group>"; };
		33E647CC2880947A00496B4E /* Preview Assets.xcassets */ = {isa = PBXFileReference; lastKnownFileType = folder.assetcatalog; path = "Preview Assets.xcassets"; sourceTree = "<group>"; };
		33E647F12881085000496B4E /* Question.swift */ = {isa = PBXFileReference; lastKnownFileType = sourcecode.swift; path = Question.swift; sourceTree = "<group>"; };
		33E647F3288108DF00496B4E /* ChoiceTextView.swift */ = {isa = PBXFileReference; lastKnownFileType = sourcecode.swift; path = ChoiceTextView.swift; sourceTree = "<group>"; };
/* End PBXFileReference section */

/* Begin PBXFrameworksBuildPhase section */
		33E647BF2880947A00496B4E /* Frameworks */ = {
			isa = PBXFrameworksBuildPhase;
			buildActionMask = 2147483647;
			files = (
			);
			runOnlyForDeploymentPostprocessing = 0;
		};
/* End PBXFrameworksBuildPhase section */

/* Begin PBXGroup section */
		33DDD43628860EF000F5CFAD /* Models */ = {
			isa = PBXGroup;
			children = (
				33DDD43428860EC800F5CFAD /* Game.swift */,
				33E647F12881085000496B4E /* Question.swift */,
			);
			path = Models;
			sourceTree = "<group>";
		};
		33DDD43728860F0200F5CFAD /* Views */ = {
			isa = PBXGroup;
			children = (
				33DDD4732886513A00F5CFAD /* GameColor.swift */,
				33DDD47128864EA600F5CFAD /* WelcomeView.swift */,
				33E647F3288108DF00496B4E /* ChoiceTextView.swift */,
				33E647C72880947A00496B4E /* GameView.swift */,
				33DDD4752886552900F5CFAD /* BottomTextView.swift */,
			);
			path = Views;
			sourceTree = "<group>";
		};
		33E647B92880947900496B4E = {
			isa = PBXGroup;
			children = (
				33E647C42880947A00496B4E /* code_history */,
				33E647C32880947A00496B4E /* Products */,
			);
			sourceTree = "<group>";
		};
		33E647C32880947A00496B4E /* Products */ = {
			isa = PBXGroup;
			children = (
				33E647C22880947A00496B4E /* code_history.app */,
			);
			name = Products;
			sourceTree = "<group>";
		};
		33E647C42880947A00496B4E /* code_history */ = {
			isa = PBXGroup;
			children = (
				33DDD43728860F0200F5CFAD /* Views */,
				33DDD43628860EF000F5CFAD /* Models */,
				33E647C52880947A00496B4E /* code_historyApp.swift */,
				33E647C92880947A00496B4E /* Assets.xcassets */,
				33E647CB2880947A00496B4E /* Preview Content */,
			);
			path = code_history;
			sourceTree = "<group>";
		};
		33E647CB2880947A00496B4E /* Preview Content */ = {
			isa = PBXGroup;
			children = (
				33E647CC2880947A00496B4E /* Preview Assets.xcassets */,
			);
			path = "Preview Content";
			sourceTree = "<group>";
		};
/* End PBXGroup section */

/* Begin PBXNativeTarget section */
		33E647C12880947A00496B4E /* code_history */ = {
			isa = PBXNativeTarget;
			buildConfigurationList = 33E647D02880947A00496B4E /* Build configuration list for PBXNativeTarget "code_history" */;
			buildPhases = (
				33E647BE2880947A00496B4E /* Sources */,
				33E647BF2880947A00496B4E /* Frameworks */,
				33E647C02880947A00496B4E /* Resources */,
			);
			buildRules = (
			);
			dependencies = (
			);
			name = code_history;
			productName = code_history;
			productReference = 33E647C22880947A00496B4E /* code_history.app */;
			productType = "com.apple.product-type.application";
		};
/* End PBXNativeTarget section */

/* Begin PBXProject section */
		33E647BA2880947900496B4E /* Project object */ = {
			isa = PBXProject;
			attributes = {
				BuildIndependentTargetsInParallel = 1;
				LastSwiftUpdateCheck = 1340;
				LastUpgradeCheck = 1340;
				TargetAttributes = {
					33E647C12880947A00496B4E = {
						CreatedOnToolsVersion = 13.4.1;
					};
				};
			};
			buildConfigurationList = 33E647BD2880947900496B4E /* Build configuration list for PBXProject "code_history" */;
			compatibilityVersion = "Xcode 13.0";
			developmentRegion = en;
			hasScannedForEncodings = 0;
			knownRegions = (
				en,
				Base,
			);
			mainGroup = 33E647B92880947900496B4E;
			productRefGroup = 33E647C32880947A00496B4E /* Products */;
			projectDirPath = "";
			projectRoot = "";
			targets = (
				33E647C12880947A00496B4E /* code_history */,
			);
		};
/* End PBXProject section */

/* Begin PBXResourcesBuildPhase section */
		33E647C02880947A00496B4E /* Resources */ = {
			isa = PBXResourcesBuildPhase;
			buildActionMask = 2147483647;
			files = (
				33E647CD2880947A00496B4E /* Preview Assets.xcassets in Resources */,
				33E647CA2880947A00496B4E /* Assets.xcassets in Resources */,
			);
			runOnlyForDeploymentPostprocessing = 0;
		};
/* End PBXResourcesBuildPhase section */

/* Begin PBXSourcesBuildPhase section */
		33E647BE2880947A00496B4E /* Sources */ = {
			isa = PBXSourcesBuildPhase;
			buildActionMask = 2147483647;
			files = (
				33E647F22881085000496B4E /* Question.swift in Sources */,
				33DDD47228864EA600F5CFAD /* WelcomeView.swift in Sources */,
				33DDD43528860EC800F5CFAD /* Game.swift in Sources */,
				33E647C82880947A00496B4E /* GameView.swift in Sources */,
				33DDD4762886552900F5CFAD /* BottomTextView.swift in Sources */,
				33DDD4742886513A00F5CFAD /* GameColor.swift in Sources */,
				33E647F4288108DF00496B4E /* ChoiceTextView.swift in Sources */,
				33E647C62880947A00496B4E /* code_historyApp.swift in Sources */,
			);
			runOnlyForDeploymentPostprocessing = 0;
		};
/* End PBXSourcesBuildPhase section */

/* Begin XCBuildConfiguration section */
		33E647CE2880947A00496B4E /* Debug */ = {
			isa = XCBuildConfiguration;
			buildSettings = {
				ALWAYS_SEARCH_USER_PATHS = NO;
				CLANG_ANALYZER_NONNULL = YES;
				CLANG_ANALYZER_NUMBER_OBJECT_CONVERSION = YES_AGGRESSIVE;
				CLANG_CXX_LANGUAGE_STANDARD = "gnu++17";
				CLANG_ENABLE_MODULES = YES;
				CLANG_ENABLE_OBJC_ARC = YES;
				CLANG_ENABLE_OBJC_WEAK = YES;
				CLANG_WARN_BLOCK_CAPTURE_AUTORELEASING = YES;
				CLANG_WARN_BOOL_CONVERSION = YES;
				CLANG_WARN_COMMA = YES;
				CLANG_WARN_CONSTANT_CONVERSION = YES;
				CLANG_WARN_DEPRECATED_OBJC_IMPLEMENTATIONS = YES;
				CLANG_WARN_DIRECT_OBJC_ISA_USAGE = YES_ERROR;
				CLANG_WARN_DOCUMENTATION_COMMENTS = YES;
				CLANG_WARN_EMPTY_BODY = YES;
				CLANG_WARN_ENUM_CONVERSION = YES;
				CLANG_WARN_INFINITE_RECURSION = YES;
				CLANG_WARN_INT_CONVERSION = YES;
				CLANG_WARN_NON_LITERAL_NULL_CONVERSION = YES;
				CLANG_WARN_OBJC_IMPLICIT_RETAIN_SELF = YES;
				CLANG_WARN_OBJC_LITERAL_CONVERSION = YES;
				CLANG_WARN_OBJC_ROOT_CLASS = YES_ERROR;
				CLANG_WARN_QUOTED_INCLUDE_IN_FRAMEWORK_HEADER = YES;
				CLANG_WARN_RANGE_LOOP_ANALYSIS = YES;
				CLANG_WARN_STRICT_PROTOTYPES = YES;
				CLANG_WARN_SUSPICIOUS_MOVE = YES;
				CLANG_WARN_UNGUARDED_AVAILABILITY = YES_AGGRESSIVE;
				CLANG_WARN_UNREACHABLE_CODE = YES;
				CLANG_WARN__DUPLICATE_METHOD_MATCH = YES;
				COPY_PHASE_STRIP = NO;
				DEBUG_INFORMATION_FORMAT = dwarf;
				ENABLE_STRICT_OBJC_MSGSEND = YES;
				ENABLE_TESTABILITY = YES;
				GCC_C_LANGUAGE_STANDARD = gnu11;
				GCC_DYNAMIC_NO_PIC = NO;
				GCC_NO_COMMON_BLOCKS = YES;
				GCC_OPTIMIZATION_LEVEL = 0;
				GCC_PREPROCESSOR_DEFINITIONS = (
					"DEBUG=1",
					"$(inherited)",
				);
				GCC_WARN_64_TO_32_BIT_CONVERSION = YES;
				GCC_WARN_ABOUT_RETURN_TYPE = YES_ERROR;
				GCC_WARN_UNDECLARED_SELECTOR = YES;
				GCC_WARN_UNINITIALIZED_AUTOS = YES_AGGRESSIVE;
				GCC_WARN_UNUSED_FUNCTION = YES;
				GCC_WARN_UNUSED_VARIABLE = YES;
				IPHONEOS_DEPLOYMENT_TARGET = 15.5;
				MTL_ENABLE_DEBUG_INFO = INCLUDE_SOURCE;
				MTL_FAST_MATH = YES;
				ONLY_ACTIVE_ARCH = YES;
				SDKROOT = iphoneos;
				SWIFT_ACTIVE_COMPILATION_CONDITIONS = DEBUG;
				SWIFT_OPTIMIZATION_LEVEL = "-Onone";
			};
			name = Debug;
		};
		33E647CF2880947A00496B4E /* Release */ = {
			isa = XCBuildConfiguration;
			buildSettings = {
				ALWAYS_SEARCH_USER_PATHS = NO;
				CLANG_ANALYZER_NONNULL = YES;
				CLANG_ANALYZER_NUMBER_OBJECT_CONVERSION = YES_AGGRESSIVE;
				CLANG_CXX_LANGUAGE_STANDARD = "gnu++17";
				CLANG_ENABLE_MODULES = YES;
				CLANG_ENABLE_OBJC_ARC = YES;
				CLANG_ENABLE_OBJC_WEAK = YES;
				CLANG_WARN_BLOCK_CAPTURE_AUTORELEASING = YES;
				CLANG_WARN_BOOL_CONVERSION = YES;
				CLANG_WARN_COMMA = YES;
				CLANG_WARN_CONSTANT_CONVERSION = YES;
				CLANG_WARN_DEPRECATED_OBJC_IMPLEMENTATIONS = YES;
				CLANG_WARN_DIRECT_OBJC_ISA_USAGE = YES_ERROR;
				CLANG_WARN_DOCUMENTATION_COMMENTS = YES;
				CLANG_WARN_EMPTY_BODY = YES;
				CLANG_WARN_ENUM_CONVERSION = YES;
				CLANG_WARN_INFINITE_RECURSION = YES;
				CLANG_WARN_INT_CONVERSION = YES;
				CLANG_WARN_NON_LITERAL_NULL_CONVERSION = YES;
				CLANG_WARN_OBJC_IMPLICIT_RETAIN_SELF = YES;
				CLANG_WARN_OBJC_LITERAL_CONVERSION = YES;
				CLANG_WARN_OBJC_ROOT_CLASS = YES_ERROR;
				CLANG_WARN_QUOTED_INCLUDE_IN_FRAMEWORK_HEADER = YES;
				CLANG_WARN_RANGE_LOOP_ANALYSIS = YES;
				CLANG_WARN_STRICT_PROTOTYPES = YES;
				CLANG_WARN_SUSPICIOUS_MOVE = YES;
				CLANG_WARN_UNGUARDED_AVAILABILITY = YES_AGGRESSIVE;
				CLANG_WARN_UNREACHABLE_CODE = YES;
				CLANG_WARN__DUPLICATE_METHOD_MATCH = YES;
				COPY_PHASE_STRIP = NO;
				DEBUG_INFORMATION_FORMAT = "dwarf-with-dsym";
				ENABLE_NS_ASSERTIONS = NO;
				ENABLE_STRICT_OBJC_MSGSEND = YES;
				GCC_C_LANGUAGE_STANDARD = gnu11;
				GCC_NO_COMMON_BLOCKS = YES;
				GCC_WARN_64_TO_32_BIT_CONVERSION = YES;
				GCC_WARN_ABOUT_RETURN_TYPE = YES_ERROR;
				GCC_WARN_UNDECLARED_SELECTOR = YES;
				GCC_WARN_UNINITIALIZED_AUTOS = YES_AGGRESSIVE;
				GCC_WARN_UNUSED_FUNCTION = YES;
				GCC_WARN_UNUSED_VARIABLE = YES;
				IPHONEOS_DEPLOYMENT_TARGET = 15.5;
				MTL_ENABLE_DEBUG_INFO = NO;
				MTL_FAST_MATH = YES;
				SDKROOT = iphoneos;
				SWIFT_COMPILATION_MODE = wholemodule;
				SWIFT_OPTIMIZATION_LEVEL = "-O";
				VALIDATE_PRODUCT = YES;
			};
			name = Release;
		};
		33E647D12880947A00496B4E /* Debug */ = {
			isa = XCBuildConfiguration;
			buildSettings = {
				ASSETCATALOG_COMPILER_APPICON_NAME = AppIcon;
				ASSETCATALOG_COMPILER_GLOBAL_ACCENT_COLOR_NAME = AccentColor;
				CODE_SIGN_STYLE = Automatic;
				CURRENT_PROJECT_VERSION = 1;
				DEVELOPMENT_ASSET_PATHS = "\"code_history/Preview Content\"";
				ENABLE_PREVIEWS = YES;
				GENERATE_INFOPLIST_FILE = YES;
				INFOPLIST_KEY_UIApplicationSceneManifest_Generation = YES;
				INFOPLIST_KEY_UIApplicationSupportsIndirectInputEvents = YES;
				INFOPLIST_KEY_UILaunchScreen_Generation = YES;
				INFOPLIST_KEY_UISupportedInterfaceOrientations_iPad = "UIInterfaceOrientationPortrait UIInterfaceOrientationPortraitUpsideDown UIInterfaceOrientationLandscapeLeft UIInterfaceOrientationLandscapeRight";
				INFOPLIST_KEY_UISupportedInterfaceOrientations_iPhone = "UIInterfaceOrientationPortrait UIInterfaceOrientationLandscapeLeft UIInterfaceOrientationLandscapeRight";
				LD_RUNPATH_SEARCH_PATHS = (
					"$(inherited)",
					"@executable_path/Frameworks",
				);
				MARKETING_VERSION = 1.0;
				PRODUCT_BUNDLE_IDENTIFIER = "ultraculture.code-history";
				PRODUCT_NAME = "$(TARGET_NAME)";
				SWIFT_EMIT_LOC_STRINGS = YES;
				SWIFT_VERSION = 5.0;
				TARGETED_DEVICE_FAMILY = "1,2";
			};
			name = Debug;
		};
		33E647D22880947A00496B4E /* Release */ = {
			isa = XCBuildConfiguration;
			buildSettings = {
				ASSETCATALOG_COMPILER_APPICON_NAME = AppIcon;
				ASSETCATALOG_COMPILER_GLOBAL_ACCENT_COLOR_NAME = AccentColor;
				CODE_SIGN_STYLE = Automatic;
				CURRENT_PROJECT_VERSION = 1;
				DEVELOPMENT_ASSET_PATHS = "\"code_history/Preview Content\"";
				ENABLE_PREVIEWS = YES;
				GENERATE_INFOPLIST_FILE = YES;
				INFOPLIST_KEY_UIApplicationSceneManifest_Generation = YES;
				INFOPLIST_KEY_UIApplicationSupportsIndirectInputEvents = YES;
				INFOPLIST_KEY_UILaunchScreen_Generation = YES;
				INFOPLIST_KEY_UISupportedInterfaceOrientations_iPad = "UIInterfaceOrientationPortrait UIInterfaceOrientationPortraitUpsideDown UIInterfaceOrientationLandscapeLeft UIInterfaceOrientationLandscapeRight";
				INFOPLIST_KEY_UISupportedInterfaceOrientations_iPhone = "UIInterfaceOrientationPortrait UIInterfaceOrientationLandscapeLeft UIInterfaceOrientationLandscapeRight";
				LD_RUNPATH_SEARCH_PATHS = (
					"$(inherited)",
					"@executable_path/Frameworks",
				);
				MARKETING_VERSION = 1.0;
				PRODUCT_BUNDLE_IDENTIFIER = "ultraculture.code-history";
				PRODUCT_NAME = "$(TARGET_NAME)";
				SWIFT_EMIT_LOC_STRINGS = YES;
				SWIFT_VERSION = 5.0;
				TARGETED_DEVICE_FAMILY = "1,2";
			};
			name = Release;
		};
/* End XCBuildConfiguration section */

/* Begin XCConfigurationList section */
		33E647BD2880947900496B4E /* Build configuration list for PBXProject "code_history" */ = {
			isa = XCConfigurationList;
			buildConfigurations = (
				33E647CE2880947A00496B4E /* Debug */,
				33E647CF2880947A00496B4E /* Release */,
			);
			defaultConfigurationIsVisible = 0;
			defaultConfigurationName = Release;
		};
		33E647D02880947A00496B4E /* Build configuration list for PBXNativeTarget "code_history" */ = {
			isa = XCConfigurationList;
			buildConfigurations = (
				33E647D12880947A00496B4E /* Debug */,
				33E647D22880947A00496B4E /* Release */,
			);
			defaultConfigurationIsVisible = 0;
			defaultConfigurationName = Release;
		};
/* End XCConfigurationList section */
	};
	rootObject = 33E647BA2880947900496B4E /* Project object */;
}
